<Solution>
  <Folder Name="/demo/">
    <Project Path="demo/AgentEval.Demo/AgentEval.Demo.csproj" />
  </Folder>
  <Folder Name="/src/">
    <Project Path="src/AgentEval.Core/AgentEval.Core.csproj" />
  </Folder>
  <Folder Name="/tests/">
    <Project Path="tests/AgentEval.Tests/AgentEval.Tests.csproj" />
  </Folder>
</Solution>
